
Microsoft Visual Studio Solution File, Format Version 12.00
# Visual Studio Version 17
VisualStudioVersion = 17.0.31903.59
MinimumVisualStudioVersion = 10.0.40219.1
Project("{2150E333-8FDC-42A3-9474-1A3956D46DE8}") = "src", "src", "{0F54FF48-0D06-4B6F-97F6-AB9ED4E68E94}"
EndProject
Project("{FAE04EC0-301F-11D3-BF4B-00C04F79EFBC}") = "KitCore.Domain", "src\KitCore.Domain\KitCore.Domain.csproj", "{8C057A37-C5A0-42EE-BF58-ED286BA86829}"
EndProject
Project("{FAE04EC0-301F-11D3-BF4B-00C04F79EFBC}") = "KitCore.InMemory.Repository", "src\KitCore.InMemory.Repository\KitCore.InMemory.Repository.csproj", "{D3D5D954-9453-48B4-B9F7-C882F6EA9F17}"
EndProject
Project("{FAE04EC0-301F-11D3-BF4B-00C04F79EFBC}") = "KitCore.YamlService", "src\KitCore.YamlService\KitCore.YamlService.csproj", "{EFCD04EA-5D6F-47CF-89CD-12C2066FBFC2}"
EndProject
Project("{FAE04EC0-301F-11D3-BF4B-00C04F79EFBC}") = "KitCore.Cli", "src\KitCore.Cli\KitCore.Cli.csproj", "{D58DA35D-747B-47CF-8401-159EA10EAF8F}"
EndProject
Global
	GlobalSection(SolutionConfigurationPlatforms) = preSolution
		Debug|Any CPU = Debug|Any CPU
		Release|Any CPU = Release|Any CPU
	EndGlobalSection
	GlobalSection(SolutionProperties) = preSolution
		HideSolutionNode = FALSE
	EndGlobalSection
	GlobalSection(ProjectConfigurationPlatforms) = postSolution
		{8C057A37-C5A0-42EE-BF58-ED286BA86829}.Debug|Any CPU.ActiveCfg = Debug|Any CPU
		{8C057A37-C5A0-42EE-BF58-ED286BA86829}.Debug|Any CPU.Build.0 = Debug|Any CPU
		{8C057A37-C5A0-42EE-BF58-ED286BA86829}.Release|Any CPU.ActiveCfg = Release|Any CPU
		{8C057A37-C5A0-42EE-BF58-ED286BA86829}.Release|Any CPU.Build.0 = Release|Any CPU
		{D3D5D954-9453-48B4-B9F7-C882F6EA9F17}.Debug|Any CPU.ActiveCfg = Debug|Any CPU
		{D3D5D954-9453-48B4-B9F7-C882F6EA9F17}.Debug|Any CPU.Build.0 = Debug|Any CPU
		{D3D5D954-9453-48B4-B9F7-C882F6EA9F17}.Release|Any CPU.ActiveCfg = Release|Any CPU
		{D3D5D954-9453-48B4-B9F7-C882F6EA9F17}.Release|Any CPU.Build.0 = Release|Any CPU
		{EFCD04EA-5D6F-47CF-89CD-12C2066FBFC2}.Debug|Any CPU.ActiveCfg = Debug|Any CPU
		{EFCD04EA-5D6F-47CF-89CD-12C2066FBFC2}.Debug|Any CPU.Build.0 = Debug|Any CPU
		{EFCD04EA-5D6F-47CF-89CD-12C2066FBFC2}.Release|Any CPU.ActiveCfg = Release|Any CPU
		{EFCD04EA-5D6F-47CF-89CD-12C2066FBFC2}.Release|Any CPU.Build.0 = Release|Any CPU
		{D58DA35D-747B-47CF-8401-159EA10EAF8F}.Debug|Any CPU.ActiveCfg = Debug|Any CPU
		{D58DA35D-747B-47CF-8401-159EA10EAF8F}.Debug|Any CPU.Build.0 = Debug|Any CPU
		{D58DA35D-747B-47CF-8401-159EA10EAF8F}.Release|Any CPU.ActiveCfg = Release|Any CPU
		{D58DA35D-747B-47CF-8401-159EA10EAF8F}.Release|Any CPU.Build.0 = Release|Any CPU
	EndGlobalSection
	GlobalSection(NestedProjects) = preSolution
		{8C057A37-C5A0-42EE-BF58-ED286BA86829} = {0F54FF48-0D06-4B6F-97F6-AB9ED4E68E94}
		{D3D5D954-9453-48B4-B9F7-C882F6EA9F17} = {0F54FF48-0D06-4B6F-97F6-AB9ED4E68E94}
		{EFCD04EA-5D6F-47CF-89CD-12C2066FBFC2} = {0F54FF48-0D06-4B6F-97F6-AB9ED4E68E94}
		{D58DA35D-747B-47CF-8401-159EA10EAF8F} = {0F54FF48-0D06-4B6F-97F6-AB9ED4E68E94}
	EndGlobalSection
EndGlobal
