
Microsoft Visual Studio Solution File, Format Version 12.00
# Visual Studio Version 17
VisualStudioVersion = 17.0.31903.59
MinimumVisualStudioVersion = 10.0.40219.1
Project("{2150E333-8FDC-42A3-9474-1A3956D46DE8}") = "src", "src", "{0F54FF48-0D06-4B6F-97F6-AB9ED4E68E94}"
EndProject
Project("{FAE04EC0-301F-11D3-BF4B-00C04F79EFBC}") = "KitCore.Domain", "src\KitCore.Domain\KitCore.Domain.csproj", "{8C057A37-C5A0-42EE-BF58-ED286BA86829}"
EndProject
Project("{FAE04EC0-301F-11D3-BF4B-00C04F79EFBC}") = "KitCore.InMemory.Repository", "src\KitCore.InMemory.Repository\KitCore.InMemory.Repository.csproj", "{D3D5D954-9453-48B4-B9F7-C882F6EA9F17}"
EndProject
Project("{FAE04EC0-301F-11D3-BF4B-00C04F79EFBC}") = "KitCore.Cli", "src\KitCore.Cli\KitCore.Cli.csproj", "{D58DA35D-747B-47CF-8401-159EA10EAF8F}"
EndProject
Project("{FAE04EC0-301F-11D3-BF4B-00C04F79EFBC}") = "KitCore.JsonService", "src\KitCore.JsonService\KitCore.JsonService.csproj", "{4DB3AD41-4A56-4DF8-BCAD-ACFEA5FCD07D}"
EndProject
Project("{FAE04EC0-301F-11D3-BF4B-00C04F79EFBC}") = "KitCore.PopulateService", "src\KitCore.PopulateService\KitCore.PopulateService.csproj", "{F667E6DC-8F11-4A9D-A7B4-83046D914343}"
EndProject
Project("{FAE04EC0-301F-11D3-BF4B-00C04F79EFBC}") = "KitCore.Utility", "src\KitCore.Utility\KitCore.Utility.csproj", "{D5F80D4D-4CAB-40C8-9B53-489391BB4E19}"
EndProject
Project("{FAE04EC0-301F-11D3-BF4B-00C04F79EFBC}") = "KitCore.RepositoryService", "src\KitCore.RepositoryService\KitCore.RepositoryService.csproj", "{51C1C204-3AD1-4F61-BD67-8D43B0806DD5}"
EndProject
Project("{FAE04EC0-301F-11D3-BF4B-00C04F79EFBC}") = "KitCore.Spf", "src\KitCore.Spf\KitCore.Spf.csproj", "{47F79941-86C5-49E4-A2D8-CC24C701AEB7}"
EndProject
Project("{FAE04EC0-301F-11D3-BF4B-00C04F79EFBC}") = "SimplePromptFramework", "..\spf\src\SimplePromptFramework\SimplePromptFramework.csproj", "{7F253E7F-B782-4C76-A91F-6B4654156FD0}"
EndProject
Project("{FAE04EC0-301F-11D3-BF4B-00C04F79EFBC}") = "SimplePromptFramework.UnitTest", "..\spf\src\SimplePromptFramework.UnitTest\SimplePromptFramework.UnitTest.csproj", "{F273A7A2-436C-442C-ADE6-7DBBDF8286A6}"
EndProject
Global
	GlobalSection(SolutionConfigurationPlatforms) = preSolution
		Debug|Any CPU = Debug|Any CPU
		Release|Any CPU = Release|Any CPU
	EndGlobalSection
	GlobalSection(ProjectConfigurationPlatforms) = postSolution
		{8C057A37-C5A0-42EE-BF58-ED286BA86829}.Debug|Any CPU.ActiveCfg = Debug|Any CPU
		{8C057A37-C5A0-42EE-BF58-ED286BA86829}.Debug|Any CPU.Build.0 = Debug|Any CPU
		{8C057A37-C5A0-42EE-BF58-ED286BA86829}.Release|Any CPU.ActiveCfg = Release|Any CPU
		{8C057A37-C5A0-42EE-BF58-ED286BA86829}.Release|Any CPU.Build.0 = Release|Any CPU
		{D3D5D954-9453-48B4-B9F7-C882F6EA9F17}.Debug|Any CPU.ActiveCfg = Debug|Any CPU
		{D3D5D954-9453-48B4-B9F7-C882F6EA9F17}.Debug|Any CPU.Build.0 = Debug|Any CPU
		{D3D5D954-9453-48B4-B9F7-C882F6EA9F17}.Release|Any CPU.ActiveCfg = Release|Any CPU
		{D3D5D954-9453-48B4-B9F7-C882F6EA9F17}.Release|Any CPU.Build.0 = Release|Any CPU
		{D58DA35D-747B-47CF-8401-159EA10EAF8F}.Debug|Any CPU.ActiveCfg = Debug|Any CPU
		{D58DA35D-747B-47CF-8401-159EA10EAF8F}.Debug|Any CPU.Build.0 = Debug|Any CPU
		{D58DA35D-747B-47CF-8401-159EA10EAF8F}.Release|Any CPU.ActiveCfg = Release|Any CPU
		{D58DA35D-747B-47CF-8401-159EA10EAF8F}.Release|Any CPU.Build.0 = Release|Any CPU
		{4DB3AD41-4A56-4DF8-BCAD-ACFEA5FCD07D}.Debug|Any CPU.ActiveCfg = Debug|Any CPU
		{4DB3AD41-4A56-4DF8-BCAD-ACFEA5FCD07D}.Debug|Any CPU.Build.0 = Debug|Any CPU
		{4DB3AD41-4A56-4DF8-BCAD-ACFEA5FCD07D}.Release|Any CPU.ActiveCfg = Release|Any CPU
		{4DB3AD41-4A56-4DF8-BCAD-ACFEA5FCD07D}.Release|Any CPU.Build.0 = Release|Any CPU
		{F667E6DC-8F11-4A9D-A7B4-83046D914343}.Debug|Any CPU.ActiveCfg = Debug|Any CPU
		{F667E6DC-8F11-4A9D-A7B4-83046D914343}.Debug|Any CPU.Build.0 = Debug|Any CPU
		{F667E6DC-8F11-4A9D-A7B4-83046D914343}.Release|Any CPU.ActiveCfg = Release|Any CPU
		{F667E6DC-8F11-4A9D-A7B4-83046D914343}.Release|Any CPU.Build.0 = Release|Any CPU
		{D5F80D4D-4CAB-40C8-9B53-489391BB4E19}.Debug|Any CPU.ActiveCfg = Debug|Any CPU
		{D5F80D4D-4CAB-40C8-9B53-489391BB4E19}.Debug|Any CPU.Build.0 = Debug|Any CPU
		{D5F80D4D-4CAB-40C8-9B53-489391BB4E19}.Release|Any CPU.ActiveCfg = Release|Any CPU
		{D5F80D4D-4CAB-40C8-9B53-489391BB4E19}.Release|Any CPU.Build.0 = Release|Any CPU
		{51C1C204-3AD1-4F61-BD67-8D43B0806DD5}.Debug|Any CPU.ActiveCfg = Debug|Any CPU
		{51C1C204-3AD1-4F61-BD67-8D43B0806DD5}.Debug|Any CPU.Build.0 = Debug|Any CPU
		{51C1C204-3AD1-4F61-BD67-8D43B0806DD5}.Release|Any CPU.ActiveCfg = Release|Any CPU
		{51C1C204-3AD1-4F61-BD67-8D43B0806DD5}.Release|Any CPU.Build.0 = Release|Any CPU
		{47F79941-86C5-49E4-A2D8-CC24C701AEB7}.Debug|Any CPU.ActiveCfg = Debug|Any CPU
		{47F79941-86C5-49E4-A2D8-CC24C701AEB7}.Debug|Any CPU.Build.0 = Debug|Any CPU
		{47F79941-86C5-49E4-A2D8-CC24C701AEB7}.Release|Any CPU.ActiveCfg = Release|Any CPU
		{47F79941-86C5-49E4-A2D8-CC24C701AEB7}.Release|Any CPU.Build.0 = Release|Any CPU
		{7F253E7F-B782-4C76-A91F-6B4654156FD0}.Debug|Any CPU.ActiveCfg = Debug|Any CPU
		{7F253E7F-B782-4C76-A91F-6B4654156FD0}.Debug|Any CPU.Build.0 = Debug|Any CPU
		{7F253E7F-B782-4C76-A91F-6B4654156FD0}.Release|Any CPU.ActiveCfg = Release|Any CPU
		{7F253E7F-B782-4C76-A91F-6B4654156FD0}.Release|Any CPU.Build.0 = Release|Any CPU
		{F273A7A2-436C-442C-ADE6-7DBBDF8286A6}.Debug|Any CPU.ActiveCfg = Debug|Any CPU
		{F273A7A2-436C-442C-ADE6-7DBBDF8286A6}.Debug|Any CPU.Build.0 = Debug|Any CPU
		{F273A7A2-436C-442C-ADE6-7DBBDF8286A6}.Release|Any CPU.ActiveCfg = Release|Any CPU
		{F273A7A2-436C-442C-ADE6-7DBBDF8286A6}.Release|Any CPU.Build.0 = Release|Any CPU
	EndGlobalSection
	GlobalSection(SolutionProperties) = preSolution
		HideSolutionNode = FALSE
	EndGlobalSection
	GlobalSection(NestedProjects) = preSolution
		{8C057A37-C5A0-42EE-BF58-ED286BA86829} = {0F54FF48-0D06-4B6F-97F6-AB9ED4E68E94}
		{D3D5D954-9453-48B4-B9F7-C882F6EA9F17} = {0F54FF48-0D06-4B6F-97F6-AB9ED4E68E94}
		{D58DA35D-747B-47CF-8401-159EA10EAF8F} = {0F54FF48-0D06-4B6F-97F6-AB9ED4E68E94}
		{4DB3AD41-4A56-4DF8-BCAD-ACFEA5FCD07D} = {0F54FF48-0D06-4B6F-97F6-AB9ED4E68E94}
		{F667E6DC-8F11-4A9D-A7B4-83046D914343} = {0F54FF48-0D06-4B6F-97F6-AB9ED4E68E94}
		{D5F80D4D-4CAB-40C8-9B53-489391BB4E19} = {0F54FF48-0D06-4B6F-97F6-AB9ED4E68E94}
		{51C1C204-3AD1-4F61-BD67-8D43B0806DD5} = {0F54FF48-0D06-4B6F-97F6-AB9ED4E68E94}
		{47F79941-86C5-49E4-A2D8-CC24C701AEB7} = {0F54FF48-0D06-4B6F-97F6-AB9ED4E68E94}
	EndGlobalSection
EndGlobal
